
Microsoft Visual Studio Solution File, Format Version 12.00
# Visual Studio Version 17
VisualStudioVersion = 17.1.32210.238
MinimumVisualStudioVersion = 10.0.40219.1
Project("{FAE04EC0-301F-11D3-BF4B-00C04F79EFBC}") = "Redis.Web.Api", "Src\Redis.Web.Api\Redis.Web.Api.csproj", "{7D25095E-1AD3-409F-B547-32E1A08FE71A}"
EndProject
Project("{E53339B2-1760-4266-BCC7-CA923CBCF16C}") = "docker-compose", "docker-compose.dcproj", "{2C95C774-2D5A-4AF2-903B-111F3335E9F9}"
EndProject
Global
	GlobalSection(SolutionConfigurationPlatforms) = preSolution
		Debug|Any CPU = Debug|Any CPU
		Release|Any CPU = Release|Any CPU
	EndGlobalSection
	GlobalSection(ProjectConfigurationPlatforms) = postSolution
		{7D25095E-1AD3-409F-B547-32E1A08FE71A}.Debug|Any CPU.ActiveCfg = Debug|Any CPU
		{7D25095E-1AD3-409F-B547-32E1A08FE71A}.Debug|Any CPU.Build.0 = Debug|Any CPU
		{7D25095E-1AD3-409F-B547-32E1A08FE71A}.Release|Any CPU.ActiveCfg = Release|Any CPU
		{7D25095E-1AD3-409F-B547-32E1A08FE71A}.Release|Any CPU.Build.0 = Release|Any CPU
		{2C95C774-2D5A-4AF2-903B-111F3335E9F9}.Debug|Any CPU.ActiveCfg = Debug|Any CPU
		{2C95C774-2D5A-4AF2-903B-111F3335E9F9}.Debug|Any CPU.Build.0 = Debug|Any CPU
		{2C95C774-2D5A-4AF2-903B-111F3335E9F9}.Release|Any CPU.ActiveCfg = Release|Any CPU
		{2C95C774-2D5A-4AF2-903B-111F3335E9F9}.Release|Any CPU.Build.0 = Release|Any CPU
	EndGlobalSection
	GlobalSection(SolutionProperties) = preSolution
		HideSolutionNode = FALSE
	EndGlobalSection
	GlobalSection(ExtensibilityGlobals) = postSolution
		SolutionGuid = {8F6CB8B8-F929-4AFE-A1E4-F7F4727C8A27}
	EndGlobalSection
EndGlobal
